
Microsoft Visual Studio Solution File, Format Version 12.00
# Visual Studio 2013
VisualStudioVersion = 12.0.21005.1
MinimumVisualStudioVersion = 10.0.40219.1
Project("{FAE04EC0-301F-11D3-BF4B-00C04F79EFBC}") = "WildBounty", "WildBounty\WildBounty.csproj", "{37671E1F-C005-434F-A6BB-08EFD00FD6D6}"
EndProject
Project("{FAE04EC0-301F-11D3-BF4B-00C04F79EFBC}") = "PierceA_PE08", "..\..\Visual Studio 2013\Projects\PierceA_PE08\PierceA_PE08\PierceA_PE08.csproj", "{38526E9C-ABB5-41A5-B348-F53904A3EAE9}"
EndProject
Global
	GlobalSection(SolutionConfigurationPlatforms) = preSolution
		Debug|x86 = Debug|x86
		Release|x86 = Release|x86
	EndGlobalSection
	GlobalSection(ProjectConfigurationPlatforms) = postSolution
		{37671E1F-C005-434F-A6BB-08EFD00FD6D6}.Debug|x86.ActiveCfg = Debug|x86
		{37671E1F-C005-434F-A6BB-08EFD00FD6D6}.Debug|x86.Build.0 = Debug|x86
		{37671E1F-C005-434F-A6BB-08EFD00FD6D6}.Release|x86.ActiveCfg = Release|x86
		{37671E1F-C005-434F-A6BB-08EFD00FD6D6}.Release|x86.Build.0 = Release|x86
		{38526E9C-ABB5-41A5-B348-F53904A3EAE9}.Debug|x86.ActiveCfg = Debug|x86
		{38526E9C-ABB5-41A5-B348-F53904A3EAE9}.Debug|x86.Build.0 = Debug|x86
		{38526E9C-ABB5-41A5-B348-F53904A3EAE9}.Release|x86.ActiveCfg = Release|x86
		{38526E9C-ABB5-41A5-B348-F53904A3EAE9}.Release|x86.Build.0 = Release|x86
	EndGlobalSection
	GlobalSection(SolutionProperties) = preSolution
		HideSolutionNode = FALSE
	EndGlobalSection
EndGlobal
